
Microsoft Visual Studio Solution File, Format Version 12.00
# Visual Studio Version 17
VisualStudioVersion = 17.11.35219.272
MinimumVisualStudioVersion = 10.0.40219.1
Project("{FAE04EC0-301F-11D3-BF4B-00C04F79EFBC}") = "JustShop2", "JustShop2.csproj", "{FF5FAFD9-4DA0-4B9C-AD54-D8F2B31476D5}"
EndProject
Global
	GlobalSection(SolutionConfigurationPlatforms) = preSolution
		Debug|Any CPU = Debug|Any CPU
		Release|Any CPU = Release|Any CPU
	EndGlobalSection
	GlobalSection(ProjectConfigurationPlatforms) = postSolution
		{FF5FAFD9-4DA0-4B9C-AD54-D8F2B31476D5}.Debug|Any CPU.ActiveCfg = Debug|Any CPU
		{FF5FAFD9-4DA0-4B9C-AD54-D8F2B31476D5}.Debug|Any CPU.Build.0 = Debug|Any CPU
		{FF5FAFD9-4DA0-4B9C-AD54-D8F2B31476D5}.Release|Any CPU.ActiveCfg = Release|Any CPU
		{FF5FAFD9-4DA0-4B9C-AD54-D8F2B31476D5}.Release|Any CPU.Build.0 = Release|Any CPU
	EndGlobalSection
	GlobalSection(SolutionProperties) = preSolution
		HideSolutionNode = FALSE
	EndGlobalSection
	GlobalSection(ExtensibilityGlobals) = postSolution
		SolutionGuid = {60B0A247-8F94-4EF9-9D67-8D7D307BF82A}
	EndGlobalSection
EndGlobal
